
Microsoft Visual Studio Solution File, Format Version 12.00
# Visual Studio 15
VisualStudioVersion = 15.0.28307.271
MinimumVisualStudioVersion = 10.0.40219.1
Project("{FAE04EC0-301F-11D3-BF4B-00C04F79EFBC}") = "ConsoleApp3", "ConsoleApp3\ConsoleApp3.csproj", "{C8CC3C50-6F09-41ED-8F45-80CBEBD4FFCE}"
EndProject
Global
	GlobalSection(SolutionConfigurationPlatforms) = preSolution
		Debug|Any CPU = Debug|Any CPU
		Release|Any CPU = Release|Any CPU
	EndGlobalSection
	GlobalSection(ProjectConfigurationPlatforms) = postSolution
		{C8CC3C50-6F09-41ED-8F45-80CBEBD4FFCE}.Debug|Any CPU.ActiveCfg = Debug|Any CPU
		{C8CC3C50-6F09-41ED-8F45-80CBEBD4FFCE}.Debug|Any CPU.Build.0 = Debug|Any CPU
		{C8CC3C50-6F09-41ED-8F45-80CBEBD4FFCE}.Release|Any CPU.ActiveCfg = Release|Any CPU
		{C8CC3C50-6F09-41ED-8F45-80CBEBD4FFCE}.Release|Any CPU.Build.0 = Release|Any CPU
	EndGlobalSection
	GlobalSection(SolutionProperties) = preSolution
		HideSolutionNode = FALSE
	EndGlobalSection
	GlobalSection(ExtensibilityGlobals) = postSolution
		SolutionGuid = {CCA21061-98AF-4445-988A-004AF7177A04}
	EndGlobalSection
EndGlobal
